
Microsoft Visual Studio Solution File, Format Version 12.00
# Visual Studio Version 16
VisualStudioVersion = 16.0.31702.278
MinimumVisualStudioVersion = 10.0.40219.1
Project("{FAE04EC0-301F-11D3-BF4B-00C04F79EFBC}") = "lesson3", "lesson3.csproj", "{384C8D77-1933-4408-A1C5-05241D430BC9}"
EndProject
Global
	GlobalSection(SolutionConfigurationPlatforms) = preSolution
		Debug|Any CPU = Debug|Any CPU
		Release|Any CPU = Release|Any CPU
	EndGlobalSection
	GlobalSection(ProjectConfigurationPlatforms) = postSolution
		{384C8D77-1933-4408-A1C5-05241D430BC9}.Debug|Any CPU.ActiveCfg = Debug|Any CPU
		{384C8D77-1933-4408-A1C5-05241D430BC9}.Debug|Any CPU.Build.0 = Debug|Any CPU
		{384C8D77-1933-4408-A1C5-05241D430BC9}.Release|Any CPU.ActiveCfg = Release|Any CPU
		{384C8D77-1933-4408-A1C5-05241D430BC9}.Release|Any CPU.Build.0 = Release|Any CPU
	EndGlobalSection
	GlobalSection(SolutionProperties) = preSolution
		HideSolutionNode = FALSE
	EndGlobalSection
	GlobalSection(ExtensibilityGlobals) = postSolution
		SolutionGuid = {3C0CD156-5B33-43A5-8597-C69CE94E33EC}
	EndGlobalSection
EndGlobal
